// !$*UTF8*$!
{
	archiveVersion = 1;
	classes = {
	};
	objectVersion = 56;
	objects = {

/* Begin PBXBuildFile section */
		9F0F82772B0D664C0053F0F1 /* CoinImageView.swift in Sources */ = {isa = PBXBuildFile; fileRef = 9F0F82762B0D664C0053F0F1 /* CoinImageView.swift */; };
		9F0F82792B0D68110053F0F1 /* CoinImageService.swift in Sources */ = {isa = PBXBuildFile; fileRef = 9F0F82782B0D68110053F0F1 /* CoinImageService.swift */; };
		9F0F827B2B0D69A60053F0F1 /* CoinImageViewModel.swift in Sources */ = {isa = PBXBuildFile; fileRef = 9F0F827A2B0D69A60053F0F1 /* CoinImageViewModel.swift */; };
		9F58C2552B0BEE290068086C /* HomeViewModel.swift in Sources */ = {isa = PBXBuildFile; fileRef = 9F58C2542B0BEE290068086C /* HomeViewModel.swift */; };
		9F58C2582B0BF6E00068086C /* CoinDataService.swift in Sources */ = {isa = PBXBuildFile; fileRef = 9F58C2572B0BF6E00068086C /* CoinDataService.swift */; };
		9F58C25B2B0C19FA0068086C /* NetworkingManager.swift in Sources */ = {isa = PBXBuildFile; fileRef = 9F58C25A2B0C19FA0068086C /* NetworkingManager.swift */; };
		9F7F8DE82B0EB67F00A7A566 /* LocalFileManager.swift in Sources */ = {isa = PBXBuildFile; fileRef = 9F7F8DE72B0EB67F00A7A566 /* LocalFileManager.swift */; };
		9F802ADF2B0AA72C004BE78F /* CoinModel.swift in Sources */ = {isa = PBXBuildFile; fileRef = 9F802ADE2B0AA72C004BE78F /* CoinModel.swift */; };
		9F80377B2B17986A00FF0C85 /* PortfolioView.swift in Sources */ = {isa = PBXBuildFile; fileRef = 9F80377A2B17986A00FF0C85 /* PortfolioView.swift */; };
		9F80377D2B179AA500FF0C85 /* XMarkButtonView.swift in Sources */ = {isa = PBXBuildFile; fileRef = 9F80377C2B179AA500FF0C85 /* XMarkButtonView.swift */; };
		9F80377F2B179CE300FF0C85 /* CoinLogoView.swift in Sources */ = {isa = PBXBuildFile; fileRef = 9F80377E2B179CE300FF0C85 /* CoinLogoView.swift */; };
		9F82410D2B194DCF004C165C /* PortfolioContainer.xcdatamodeld in Sources */ = {isa = PBXBuildFile; fileRef = 9F82410B2B194DCF004C165C /* PortfolioContainer.xcdatamodeld */; };
		9F82410F2B194EE1004C165C /* PortfolioDataService.swift in Sources */ = {isa = PBXBuildFile; fileRef = 9F82410E2B194EE1004C165C /* PortfolioDataService.swift */; };
		9FA4A7FC2B096F4400757F4C /* CryptoTrackerApp.swift in Sources */ = {isa = PBXBuildFile; fileRef = 9FA4A7FB2B096F4400757F4C /* CryptoTrackerApp.swift */; };
		9FA4A7FE2B096F4400757F4C /* ContentView.swift in Sources */ = {isa = PBXBuildFile; fileRef = 9FA4A7FD2B096F4400757F4C /* ContentView.swift */; };
		9FA4A8032B096F4900757F4C /* Preview Assets.xcassets in Resources */ = {isa = PBXBuildFile; fileRef = 9FA4A8022B096F4900757F4C /* Preview Assets.xcassets */; };
		9FA4A80A2B09702B00757F4C /* Assets.xcassets in Resources */ = {isa = PBXBuildFile; fileRef = 9FA4A8092B09702B00757F4C /* Assets.xcassets */; };
		9FA4A80D2B0971C300757F4C /* Color.swift in Sources */ = {isa = PBXBuildFile; fileRef = 9FA4A80C2B0971C300757F4C /* Color.swift */; };
		9FA4A8132B09786300757F4C /* HomeView.swift in Sources */ = {isa = PBXBuildFile; fileRef = 9FA4A8122B09786300757F4C /* HomeView.swift */; };
		9FA4A8172B09797600757F4C /* CircleButtonView.swift in Sources */ = {isa = PBXBuildFile; fileRef = 9FA4A8162B09797600757F4C /* CircleButtonView.swift */; };
		9FA4A8192B097ED400757F4C /* CircleButtonAnimationView.swift in Sources */ = {isa = PBXBuildFile; fileRef = 9FA4A8182B097ED400757F4C /* CircleButtonAnimationView.swift */; };
		9FBF61002B155F6300CD43B9 /* MarketDataModel.swift in Sources */ = {isa = PBXBuildFile; fileRef = 9FBF60FF2B155F6300CD43B9 /* MarketDataModel.swift */; };
		9FBF61022B15650E00CD43B9 /* MarketDataService.swift in Sources */ = {isa = PBXBuildFile; fileRef = 9FBF61012B15650E00CD43B9 /* MarketDataService.swift */; };
		9FD1C75C2B0AC5B8008459AA /* CoinRowView.swift in Sources */ = {isa = PBXBuildFile; fileRef = 9FD1C75B2B0AC5B8008459AA /* CoinRowView.swift */; };
		9FD1C75E2B0AC618008459AA /* PreviewProvider.swift in Sources */ = {isa = PBXBuildFile; fileRef = 9FD1C75D2B0AC618008459AA /* PreviewProvider.swift */; };
		9FD1C7602B0ACB95008459AA /* Double.swift in Sources */ = {isa = PBXBuildFile; fileRef = 9FD1C75F2B0ACB95008459AA /* Double.swift */; };
		9FE38CD42B1008C20012338F /* SearchBarView.swift in Sources */ = {isa = PBXBuildFile; fileRef = 9FE38CD32B1008C20012338F /* SearchBarView.swift */; };
		9FE38CD62B100D310012338F /* UIApplication.swift in Sources */ = {isa = PBXBuildFile; fileRef = 9FE38CD52B100D310012338F /* UIApplication.swift */; };
		9FEE5D592B12AE9800FC2176 /* StatisticModel.swift in Sources */ = {isa = PBXBuildFile; fileRef = 9FEE5D582B12AE9800FC2176 /* StatisticModel.swift */; };
		9FEE5D5B2B12AFC000FC2176 /* StatisticView.swift in Sources */ = {isa = PBXBuildFile; fileRef = 9FEE5D5A2B12AFC000FC2176 /* StatisticView.swift */; };
		9FEE5D5D2B12B40300FC2176 /* HomeStatsView.swift in Sources */ = {isa = PBXBuildFile; fileRef = 9FEE5D5C2B12B40300FC2176 /* HomeStatsView.swift */; };
/* End PBXBuildFile section */

/* Begin PBXFileReference section */
		9F0F82762B0D664C0053F0F1 /* CoinImageView.swift */ = {isa = PBXFileReference; lastKnownFileType = sourcecode.swift; path = CoinImageView.swift; sourceTree = "<group>"; };
		9F0F82782B0D68110053F0F1 /* CoinImageService.swift */ = {isa = PBXFileReference; lastKnownFileType = sourcecode.swift; path = CoinImageService.swift; sourceTree = "<group>"; };
		9F0F827A2B0D69A60053F0F1 /* CoinImageViewModel.swift */ = {isa = PBXFileReference; lastKnownFileType = sourcecode.swift; path = CoinImageViewModel.swift; sourceTree = "<group>"; };
		9F58C2542B0BEE290068086C /* HomeViewModel.swift */ = {isa = PBXFileReference; lastKnownFileType = sourcecode.swift; path = HomeViewModel.swift; sourceTree = "<group>"; };
		9F58C2572B0BF6E00068086C /* CoinDataService.swift */ = {isa = PBXFileReference; lastKnownFileType = sourcecode.swift; path = CoinDataService.swift; sourceTree = "<group>"; };
		9F58C25A2B0C19FA0068086C /* NetworkingManager.swift */ = {isa = PBXFileReference; lastKnownFileType = sourcecode.swift; path = NetworkingManager.swift; sourceTree = "<group>"; };
		9F7F8DE72B0EB67F00A7A566 /* LocalFileManager.swift */ = {isa = PBXFileReference; lastKnownFileType = sourcecode.swift; path = LocalFileManager.swift; sourceTree = "<group>"; };
		9F802ADE2B0AA72C004BE78F /* CoinModel.swift */ = {isa = PBXFileReference; lastKnownFileType = sourcecode.swift; path = CoinModel.swift; sourceTree = "<group>"; };
		9F80377A2B17986A00FF0C85 /* PortfolioView.swift */ = {isa = PBXFileReference; lastKnownFileType = sourcecode.swift; path = PortfolioView.swift; sourceTree = "<group>"; };
		9F80377C2B179AA500FF0C85 /* XMarkButtonView.swift */ = {isa = PBXFileReference; lastKnownFileType = sourcecode.swift; path = XMarkButtonView.swift; sourceTree = "<group>"; };
		9F80377E2B179CE300FF0C85 /* CoinLogoView.swift */ = {isa = PBXFileReference; lastKnownFileType = sourcecode.swift; path = CoinLogoView.swift; sourceTree = "<group>"; };
		9F82410C2B194DCF004C165C /* PortfolioContainer.xcdatamodel */ = {isa = PBXFileReference; lastKnownFileType = wrapper.xcdatamodel; path = PortfolioContainer.xcdatamodel; sourceTree = "<group>"; };
		9F82410E2B194EE1004C165C /* PortfolioDataService.swift */ = {isa = PBXFileReference; lastKnownFileType = sourcecode.swift; path = PortfolioDataService.swift; sourceTree = "<group>"; };
		9FA4A7F82B096F4400757F4C /* CryptoTracker.app */ = {isa = PBXFileReference; explicitFileType = wrapper.application; includeInIndex = 0; path = CryptoTracker.app; sourceTree = BUILT_PRODUCTS_DIR; };
		9FA4A7FB2B096F4400757F4C /* CryptoTrackerApp.swift */ = {isa = PBXFileReference; lastKnownFileType = sourcecode.swift; path = CryptoTrackerApp.swift; sourceTree = "<group>"; };
		9FA4A7FD2B096F4400757F4C /* ContentView.swift */ = {isa = PBXFileReference; lastKnownFileType = sourcecode.swift; path = ContentView.swift; sourceTree = "<group>"; };
		9FA4A8022B096F4900757F4C /* Preview Assets.xcassets */ = {isa = PBXFileReference; lastKnownFileType = folder.assetcatalog; path = "Preview Assets.xcassets"; sourceTree = "<group>"; };
		9FA4A8092B09702B00757F4C /* Assets.xcassets */ = {isa = PBXFileReference; lastKnownFileType = folder.assetcatalog; name = Assets.xcassets; path = ../../../../Desktop/Resources/Assets.xcassets; sourceTree = "<group>"; };
		9FA4A80C2B0971C300757F4C /* Color.swift */ = {isa = PBXFileReference; lastKnownFileType = sourcecode.swift; path = Color.swift; sourceTree = "<group>"; };
		9FA4A8122B09786300757F4C /* HomeView.swift */ = {isa = PBXFileReference; lastKnownFileType = sourcecode.swift; path = HomeView.swift; sourceTree = "<group>"; };
		9FA4A8162B09797600757F4C /* CircleButtonView.swift */ = {isa = PBXFileReference; lastKnownFileType = sourcecode.swift; path = CircleButtonView.swift; sourceTree = "<group>"; };
		9FA4A8182B097ED400757F4C /* CircleButtonAnimationView.swift */ = {isa = PBXFileReference; lastKnownFileType = sourcecode.swift; path = CircleButtonAnimationView.swift; sourceTree = "<group>"; };
		9FBF60FF2B155F6300CD43B9 /* MarketDataModel.swift */ = {isa = PBXFileReference; lastKnownFileType = sourcecode.swift; path = MarketDataModel.swift; sourceTree = "<group>"; };
		9FBF61012B15650E00CD43B9 /* MarketDataService.swift */ = {isa = PBXFileReference; lastKnownFileType = sourcecode.swift; path = MarketDataService.swift; sourceTree = "<group>"; };
		9FD1C75B2B0AC5B8008459AA /* CoinRowView.swift */ = {isa = PBXFileReference; lastKnownFileType = sourcecode.swift; path = CoinRowView.swift; sourceTree = "<group>"; };
		9FD1C75D2B0AC618008459AA /* PreviewProvider.swift */ = {isa = PBXFileReference; lastKnownFileType = sourcecode.swift; path = PreviewProvider.swift; sourceTree = "<group>"; };
		9FD1C75F2B0ACB95008459AA /* Double.swift */ = {isa = PBXFileReference; lastKnownFileType = sourcecode.swift; path = Double.swift; sourceTree = "<group>"; };
		9FE38CD32B1008C20012338F /* SearchBarView.swift */ = {isa = PBXFileReference; lastKnownFileType = sourcecode.swift; path = SearchBarView.swift; sourceTree = "<group>"; };
		9FE38CD52B100D310012338F /* UIApplication.swift */ = {isa = PBXFileReference; lastKnownFileType = sourcecode.swift; path = UIApplication.swift; sourceTree = "<group>"; };
		9FEE5D582B12AE9800FC2176 /* StatisticModel.swift */ = {isa = PBXFileReference; lastKnownFileType = sourcecode.swift; path = StatisticModel.swift; sourceTree = "<group>"; };
		9FEE5D5A2B12AFC000FC2176 /* StatisticView.swift */ = {isa = PBXFileReference; lastKnownFileType = sourcecode.swift; path = StatisticView.swift; sourceTree = "<group>"; };
		9FEE5D5C2B12B40300FC2176 /* HomeStatsView.swift */ = {isa = PBXFileReference; lastKnownFileType = sourcecode.swift; path = HomeStatsView.swift; sourceTree = "<group>"; };
/* End PBXFileReference section */

/* Begin PBXFrameworksBuildPhase section */
		9FA4A7F52B096F4400757F4C /* Frameworks */ = {
			isa = PBXFrameworksBuildPhase;
			buildActionMask = 2147483647;
			files = (
			);
			runOnlyForDeploymentPostprocessing = 0;
		};
/* End PBXFrameworksBuildPhase section */

/* Begin PBXGroup section */
		9F0F82752B0D66390053F0F1 /* CoinImage */ = {
			isa = PBXGroup;
			children = (
				9F0F82762B0D664C0053F0F1 /* CoinImageView.swift */,
				9F0F827A2B0D69A60053F0F1 /* CoinImageViewModel.swift */,
				9F80377E2B179CE300FF0C85 /* CoinLogoView.swift */,
			);
			path = CoinImage;
			sourceTree = "<group>";
		};
		9F58C2562B0BF6B40068086C /* Services */ = {
			isa = PBXGroup;
			children = (
				9F58C2572B0BF6E00068086C /* CoinDataService.swift */,
				9F0F82782B0D68110053F0F1 /* CoinImageService.swift */,
				9FBF61012B15650E00CD43B9 /* MarketDataService.swift */,
				9F82410E2B194EE1004C165C /* PortfolioDataService.swift */,
			);
			path = Services;
			sourceTree = "<group>";
		};
		9F58C2592B0C19CC0068086C /* Utilities */ = {
			isa = PBXGroup;
			children = (
				9F58C25A2B0C19FA0068086C /* NetworkingManager.swift */,
				9F7F8DE72B0EB67F00A7A566 /* LocalFileManager.swift */,
			);
			path = Utilities;
			sourceTree = "<group>";
		};
		9F802ADB2B0AA6C2004BE78F /* Models */ = {
			isa = PBXGroup;
			children = (
				9F802ADE2B0AA72C004BE78F /* CoinModel.swift */,
				9FEE5D582B12AE9800FC2176 /* StatisticModel.swift */,
				9FBF60FF2B155F6300CD43B9 /* MarketDataModel.swift */,
				9F82410B2B194DCF004C165C /* PortfolioContainer.xcdatamodeld */,
			);
			path = Models;
			sourceTree = "<group>";
		};
		9FA4A7EF2B096F4300757F4C = {
			isa = PBXGroup;
			children = (
				9FA4A7FA2B096F4400757F4C /* CryptoTracker */,
				9FA4A7F92B096F4400757F4C /* Products */,
			);
			sourceTree = "<group>";
		};
		9FA4A7F92B096F4400757F4C /* Products */ = {
			isa = PBXGroup;
			children = (
				9FA4A7F82B096F4400757F4C /* CryptoTracker.app */,
			);
			name = Products;
			sourceTree = "<group>";
		};
		9FA4A7FA2B096F4400757F4C /* CryptoTracker */ = {
			isa = PBXGroup;
			children = (
				9FA4A7FB2B096F4400757F4C /* CryptoTrackerApp.swift */,
				9F58C2592B0C19CC0068086C /* Utilities */,
				9FA4A80B2B0971AF00757F4C /* Extensions */,
				9F58C2562B0BF6B40068086C /* Services */,
				9F802ADB2B0AA6C2004BE78F /* Models */,
				9FA4A80E2B09781100757F4C /* Core */,
				9FA4A7FD2B096F4400757F4C /* ContentView.swift */,
				9FA4A8092B09702B00757F4C /* Assets.xcassets */,
				9FA4A8012B096F4900757F4C /* Preview Content */,
			);
			path = CryptoTracker;
			sourceTree = "<group>";
		};
		9FA4A8012B096F4900757F4C /* Preview Content */ = {
			isa = PBXGroup;
			children = (
				9FA4A8022B096F4900757F4C /* Preview Assets.xcassets */,
			);
			path = "Preview Content";
			sourceTree = "<group>";
		};
		9FA4A80B2B0971AF00757F4C /* Extensions */ = {
			isa = PBXGroup;
			children = (
				9FA4A80C2B0971C300757F4C /* Color.swift */,
				9FD1C75D2B0AC618008459AA /* PreviewProvider.swift */,
				9FD1C75F2B0ACB95008459AA /* Double.swift */,
				9FE38CD52B100D310012338F /* UIApplication.swift */,
			);
			path = Extensions;
			sourceTree = "<group>";
		};
		9FA4A80E2B09781100757F4C /* Core */ = {
			isa = PBXGroup;
			children = (
				9FA4A8142B09795300757F4C /* Components */,
				9FA4A80F2B09782500757F4C /* Home */,
			);
			path = Core;
			sourceTree = "<group>";
		};
		9FA4A80F2B09782500757F4C /* Home */ = {
			isa = PBXGroup;
			children = (
				9FA4A8112B09784200757F4C /* ViewModels */,
				9FA4A8102B09783400757F4C /* Views */,
			);
			path = Home;
			sourceTree = "<group>";
		};
		9FA4A8102B09783400757F4C /* Views */ = {
			isa = PBXGroup;
			children = (
				9FA4A8122B09786300757F4C /* HomeView.swift */,
				9FEE5D5C2B12B40300FC2176 /* HomeStatsView.swift */,
				9FD1C75B2B0AC5B8008459AA /* CoinRowView.swift */,
				9F80377A2B17986A00FF0C85 /* PortfolioView.swift */,
			);
			path = Views;
			sourceTree = "<group>";
		};
		9FA4A8112B09784200757F4C /* ViewModels */ = {
			isa = PBXGroup;
			children = (
				9F58C2542B0BEE290068086C /* HomeViewModel.swift */,
			);
			path = ViewModels;
			sourceTree = "<group>";
		};
		9FA4A8142B09795300757F4C /* Components */ = {
			isa = PBXGroup;
			children = (
				9F0F82752B0D66390053F0F1 /* CoinImage */,
				9FA4A8152B09796300757F4C /* CircleButton */,
				9FE38CD32B1008C20012338F /* SearchBarView.swift */,
				9FEE5D5A2B12AFC000FC2176 /* StatisticView.swift */,
				9F80377C2B179AA500FF0C85 /* XMarkButtonView.swift */,
			);
			path = Components;
			sourceTree = "<group>";
		};
		9FA4A8152B09796300757F4C /* CircleButton */ = {
			isa = PBXGroup;
			children = (
				9FA4A8162B09797600757F4C /* CircleButtonView.swift */,
				9FA4A8182B097ED400757F4C /* CircleButtonAnimationView.swift */,
			);
			path = CircleButton;
			sourceTree = "<group>";
		};
/* End PBXGroup section */

/* Begin PBXNativeTarget section */
		9FA4A7F72B096F4400757F4C /* CryptoTracker */ = {
			isa = PBXNativeTarget;
			buildConfigurationList = 9FA4A8062B096F4900757F4C /* Build configuration list for PBXNativeTarget "CryptoTracker" */;
			buildPhases = (
				9FA4A7F42B096F4400757F4C /* Sources */,
				9FA4A7F52B096F4400757F4C /* Frameworks */,
				9FA4A7F62B096F4400757F4C /* Resources */,
			);
			buildRules = (
			);
			dependencies = (
			);
			name = CryptoTracker;
			productName = SwiftfulCrypto;
			productReference = 9FA4A7F82B096F4400757F4C /* CryptoTracker.app */;
			productType = "com.apple.product-type.application";
		};
/* End PBXNativeTarget section */

/* Begin PBXProject section */
		9FA4A7F02B096F4300757F4C /* Project object */ = {
			isa = PBXProject;
			attributes = {
				BuildIndependentTargetsInParallel = 1;
				LastSwiftUpdateCheck = 1500;
				LastUpgradeCheck = 1500;
				TargetAttributes = {
					9FA4A7F72B096F4400757F4C = {
						CreatedOnToolsVersion = 15.0.1;
					};
				};
			};
			buildConfigurationList = 9FA4A7F32B096F4300757F4C /* Build configuration list for PBXProject "CryptoTracker" */;
			compatibilityVersion = "Xcode 14.0";
			developmentRegion = en;
			hasScannedForEncodings = 0;
			knownRegions = (
				en,
				Base,
			);
			mainGroup = 9FA4A7EF2B096F4300757F4C;
			productRefGroup = 9FA4A7F92B096F4400757F4C /* Products */;
			projectDirPath = "";
			projectRoot = "";
			targets = (
				9FA4A7F72B096F4400757F4C /* CryptoTracker */,
			);
		};
/* End PBXProject section */

/* Begin PBXResourcesBuildPhase section */
		9FA4A7F62B096F4400757F4C /* Resources */ = {
			isa = PBXResourcesBuildPhase;
			buildActionMask = 2147483647;
			files = (
				9FA4A8032B096F4900757F4C /* Preview Assets.xcassets in Resources */,
				9FA4A80A2B09702B00757F4C /* Assets.xcassets in Resources */,
			);
			runOnlyForDeploymentPostprocessing = 0;
		};
/* End PBXResourcesBuildPhase section */

/* Begin PBXSourcesBuildPhase section */
		9FA4A7F42B096F4400757F4C /* Sources */ = {
			isa = PBXSourcesBuildPhase;
			buildActionMask = 2147483647;
			files = (
				9F82410D2B194DCF004C165C /* PortfolioContainer.xcdatamodeld in Sources */,
				9FEE5D592B12AE9800FC2176 /* StatisticModel.swift in Sources */,
				9F58C2582B0BF6E00068086C /* CoinDataService.swift in Sources */,
				9FD1C75C2B0AC5B8008459AA /* CoinRowView.swift in Sources */,
				9F80377D2B179AA500FF0C85 /* XMarkButtonView.swift in Sources */,
				9F58C2552B0BEE290068086C /* HomeViewModel.swift in Sources */,
				9FA4A7FE2B096F4400757F4C /* ContentView.swift in Sources */,
				9F7F8DE82B0EB67F00A7A566 /* LocalFileManager.swift in Sources */,
				9FBF61002B155F6300CD43B9 /* MarketDataModel.swift in Sources */,
				9FA4A8132B09786300757F4C /* HomeView.swift in Sources */,
				9FEE5D5B2B12AFC000FC2176 /* StatisticView.swift in Sources */,
				9F0F82772B0D664C0053F0F1 /* CoinImageView.swift in Sources */,
				9FA4A7FC2B096F4400757F4C /* CryptoTrackerApp.swift in Sources */,
				9FE38CD62B100D310012338F /* UIApplication.swift in Sources */,
				9FA4A8172B09797600757F4C /* CircleButtonView.swift in Sources */,
				9FA4A80D2B0971C300757F4C /* Color.swift in Sources */,
				9FE38CD42B1008C20012338F /* SearchBarView.swift in Sources */,
				9F58C25B2B0C19FA0068086C /* NetworkingManager.swift in Sources */,
				9F80377F2B179CE300FF0C85 /* CoinLogoView.swift in Sources */,
				9FEE5D5D2B12B40300FC2176 /* HomeStatsView.swift in Sources */,
				9FBF61022B15650E00CD43B9 /* MarketDataService.swift in Sources */,
				9FA4A8192B097ED400757F4C /* CircleButtonAnimationView.swift in Sources */,
				9F0F827B2B0D69A60053F0F1 /* CoinImageViewModel.swift in Sources */,
				9FD1C75E2B0AC618008459AA /* PreviewProvider.swift in Sources */,
				9F80377B2B17986A00FF0C85 /* PortfolioView.swift in Sources */,
				9FD1C7602B0ACB95008459AA /* Double.swift in Sources */,
				9F0F82792B0D68110053F0F1 /* CoinImageService.swift in Sources */,
				9F802ADF2B0AA72C004BE78F /* CoinModel.swift in Sources */,
				9F82410F2B194EE1004C165C /* PortfolioDataService.swift in Sources */,
			);
			runOnlyForDeploymentPostprocessing = 0;
		};
/* End PBXSourcesBuildPhase section */

/* Begin XCBuildConfiguration section */
		9FA4A8042B096F4900757F4C /* Debug */ = {
			isa = XCBuildConfiguration;
			buildSettings = {
				ALWAYS_SEARCH_USER_PATHS = NO;
				ASSETCATALOG_COMPILER_GENERATE_SWIFT_ASSET_SYMBOL_EXTENSIONS = YES;
				CLANG_ANALYZER_NONNULL = YES;
				CLANG_ANALYZER_NUMBER_OBJECT_CONVERSION = YES_AGGRESSIVE;
				CLANG_CXX_LANGUAGE_STANDARD = "gnu++20";
				CLANG_ENABLE_MODULES = YES;
				CLANG_ENABLE_OBJC_ARC = YES;
				CLANG_ENABLE_OBJC_WEAK = YES;
				CLANG_WARN_BLOCK_CAPTURE_AUTORELEASING = YES;
				CLANG_WARN_BOOL_CONVERSION = YES;
				CLANG_WARN_COMMA = YES;
				CLANG_WARN_CONSTANT_CONVERSION = YES;
				CLANG_WARN_DEPRECATED_OBJC_IMPLEMENTATIONS = YES;
				CLANG_WARN_DIRECT_OBJC_ISA_USAGE = YES_ERROR;
				CLANG_WARN_DOCUMENTATION_COMMENTS = YES;
				CLANG_WARN_EMPTY_BODY = YES;
				CLANG_WARN_ENUM_CONVERSION = YES;
				CLANG_WARN_INFINITE_RECURSION = YES;
				CLANG_WARN_INT_CONVERSION = YES;
				CLANG_WARN_NON_LITERAL_NULL_CONVERSION = YES;
				CLANG_WARN_OBJC_IMPLICIT_RETAIN_SELF = YES;
				CLANG_WARN_OBJC_LITERAL_CONVERSION = YES;
				CLANG_WARN_OBJC_ROOT_CLASS = YES_ERROR;
				CLANG_WARN_QUOTED_INCLUDE_IN_FRAMEWORK_HEADER = YES;
				CLANG_WARN_RANGE_LOOP_ANALYSIS = YES;
				CLANG_WARN_STRICT_PROTOTYPES = YES;
				CLANG_WARN_SUSPICIOUS_MOVE = YES;
				CLANG_WARN_UNGUARDED_AVAILABILITY = YES_AGGRESSIVE;
				CLANG_WARN_UNREACHABLE_CODE = YES;
				CLANG_WARN__DUPLICATE_METHOD_MATCH = YES;
				COPY_PHASE_STRIP = NO;
				DEBUG_INFORMATION_FORMAT = dwarf;
				ENABLE_STRICT_OBJC_MSGSEND = YES;
				ENABLE_TESTABILITY = YES;
				ENABLE_USER_SCRIPT_SANDBOXING = YES;
				GCC_C_LANGUAGE_STANDARD = gnu17;
				GCC_DYNAMIC_NO_PIC = NO;
				GCC_NO_COMMON_BLOCKS = YES;
				GCC_OPTIMIZATION_LEVEL = 0;
				GCC_PREPROCESSOR_DEFINITIONS = (
					"DEBUG=1",
					"$(inherited)",
				);
				GCC_WARN_64_TO_32_BIT_CONVERSION = YES;
				GCC_WARN_ABOUT_RETURN_TYPE = YES_ERROR;
				GCC_WARN_UNDECLARED_SELECTOR = YES;
				GCC_WARN_UNINITIALIZED_AUTOS = YES_AGGRESSIVE;
				GCC_WARN_UNUSED_FUNCTION = YES;
				GCC_WARN_UNUSED_VARIABLE = YES;
				IPHONEOS_DEPLOYMENT_TARGET = 17.0;
				LOCALIZATION_PREFERS_STRING_CATALOGS = YES;
				MTL_ENABLE_DEBUG_INFO = INCLUDE_SOURCE;
				MTL_FAST_MATH = YES;
				ONLY_ACTIVE_ARCH = YES;
				SDKROOT = iphoneos;
				SWIFT_ACTIVE_COMPILATION_CONDITIONS = "DEBUG $(inherited)";
				SWIFT_OPTIMIZATION_LEVEL = "-Onone";
			};
			name = Debug;
		};
		9FA4A8052B096F4900757F4C /* Release */ = {
			isa = XCBuildConfiguration;
			buildSettings = {
				ALWAYS_SEARCH_USER_PATHS = NO;
				ASSETCATALOG_COMPILER_GENERATE_SWIFT_ASSET_SYMBOL_EXTENSIONS = YES;
				CLANG_ANALYZER_NONNULL = YES;
				CLANG_ANALYZER_NUMBER_OBJECT_CONVERSION = YES_AGGRESSIVE;
				CLANG_CXX_LANGUAGE_STANDARD = "gnu++20";
				CLANG_ENABLE_MODULES = YES;
				CLANG_ENABLE_OBJC_ARC = YES;
				CLANG_ENABLE_OBJC_WEAK = YES;
				CLANG_WARN_BLOCK_CAPTURE_AUTORELEASING = YES;
				CLANG_WARN_BOOL_CONVERSION = YES;
				CLANG_WARN_COMMA = YES;
				CLANG_WARN_CONSTANT_CONVERSION = YES;
				CLANG_WARN_DEPRECATED_OBJC_IMPLEMENTATIONS = YES;
				CLANG_WARN_DIRECT_OBJC_ISA_USAGE = YES_ERROR;
				CLANG_WARN_DOCUMENTATION_COMMENTS = YES;
				CLANG_WARN_EMPTY_BODY = YES;
				CLANG_WARN_ENUM_CONVERSION = YES;
				CLANG_WARN_INFINITE_RECURSION = YES;
				CLANG_WARN_INT_CONVERSION = YES;
				CLANG_WARN_NON_LITERAL_NULL_CONVERSION = YES;
				CLANG_WARN_OBJC_IMPLICIT_RETAIN_SELF = YES;
				CLANG_WARN_OBJC_LITERAL_CONVERSION = YES;
				CLANG_WARN_OBJC_ROOT_CLASS = YES_ERROR;
				CLANG_WARN_QUOTED_INCLUDE_IN_FRAMEWORK_HEADER = YES;
				CLANG_WARN_RANGE_LOOP_ANALYSIS = YES;
				CLANG_WARN_STRICT_PROTOTYPES = YES;
				CLANG_WARN_SUSPICIOUS_MOVE = YES;
				CLANG_WARN_UNGUARDED_AVAILABILITY = YES_AGGRESSIVE;
				CLANG_WARN_UNREACHABLE_CODE = YES;
				CLANG_WARN__DUPLICATE_METHOD_MATCH = YES;
				COPY_PHASE_STRIP = NO;
				DEBUG_INFORMATION_FORMAT = "dwarf-with-dsym";
				ENABLE_NS_ASSERTIONS = NO;
				ENABLE_STRICT_OBJC_MSGSEND = YES;
				ENABLE_USER_SCRIPT_SANDBOXING = YES;
				GCC_C_LANGUAGE_STANDARD = gnu17;
				GCC_NO_COMMON_BLOCKS = YES;
				GCC_WARN_64_TO_32_BIT_CONVERSION = YES;
				GCC_WARN_ABOUT_RETURN_TYPE = YES_ERROR;
				GCC_WARN_UNDECLARED_SELECTOR = YES;
				GCC_WARN_UNINITIALIZED_AUTOS = YES_AGGRESSIVE;
				GCC_WARN_UNUSED_FUNCTION = YES;
				GCC_WARN_UNUSED_VARIABLE = YES;
				IPHONEOS_DEPLOYMENT_TARGET = 17.0;
				LOCALIZATION_PREFERS_STRING_CATALOGS = YES;
				MTL_ENABLE_DEBUG_INFO = NO;
				MTL_FAST_MATH = YES;
				SDKROOT = iphoneos;
				SWIFT_COMPILATION_MODE = wholemodule;
				VALIDATE_PRODUCT = YES;
			};
			name = Release;
		};
		9FA4A8072B096F4900757F4C /* Debug */ = {
			isa = XCBuildConfiguration;
			buildSettings = {
				ASSETCATALOG_COMPILER_APPICON_NAME = AppIcon;
				ASSETCATALOG_COMPILER_GLOBAL_ACCENT_COLOR_NAME = AccentColor;
				CODE_SIGN_STYLE = Automatic;
				CURRENT_PROJECT_VERSION = 1;
				DEVELOPMENT_ASSET_PATHS = "\"CryptoTracker/Preview Content\"";
				DEVELOPMENT_TEAM = 8Y2GLVDA82;
				ENABLE_PREVIEWS = YES;
				GENERATE_INFOPLIST_FILE = YES;
				INFOPLIST_KEY_CFBundleDisplayName = "Crypto Tracker";
				INFOPLIST_KEY_UIApplicationSceneManifest_Generation = YES;
				INFOPLIST_KEY_UIApplicationSupportsIndirectInputEvents = YES;
				INFOPLIST_KEY_UILaunchScreen_Generation = YES;
				INFOPLIST_KEY_UISupportedInterfaceOrientations = UIInterfaceOrientationPortrait;
				IPHONEOS_DEPLOYMENT_TARGET = 16.4;
				LD_RUNPATH_SEARCH_PATHS = (
					"$(inherited)",
					"@executable_path/Frameworks",
				);
				MARKETING_VERSION = 1.0;
				PRODUCT_BUNDLE_IDENTIFIER = valerasworld.SwiftfulCrypto;
				PRODUCT_NAME = "$(TARGET_NAME)";
				SWIFT_EMIT_LOC_STRINGS = YES;
				SWIFT_VERSION = 5.0;
				TARGETED_DEVICE_FAMILY = "1,2";
			};
			name = Debug;
		};
		9FA4A8082B096F4900757F4C /* Release */ = {
			isa = XCBuildConfiguration;
			buildSettings = {
				ASSETCATALOG_COMPILER_APPICON_NAME = AppIcon;
				ASSETCATALOG_COMPILER_GLOBAL_ACCENT_COLOR_NAME = AccentColor;
				CODE_SIGN_STYLE = Automatic;
				CURRENT_PROJECT_VERSION = 1;
				DEVELOPMENT_ASSET_PATHS = "\"CryptoTracker/Preview Content\"";
				DEVELOPMENT_TEAM = 8Y2GLVDA82;
				ENABLE_PREVIEWS = YES;
				GENERATE_INFOPLIST_FILE = YES;
				INFOPLIST_KEY_CFBundleDisplayName = "Crypto Tracker";
				INFOPLIST_KEY_UIApplicationSceneManifest_Generation = YES;
				INFOPLIST_KEY_UIApplicationSupportsIndirectInputEvents = YES;
				INFOPLIST_KEY_UILaunchScreen_Generation = YES;
				INFOPLIST_KEY_UISupportedInterfaceOrientations = UIInterfaceOrientationPortrait;
				IPHONEOS_DEPLOYMENT_TARGET = 16.4;
				LD_RUNPATH_SEARCH_PATHS = (
					"$(inherited)",
					"@executable_path/Frameworks",
				);
				MARKETING_VERSION = 1.0;
				PRODUCT_BUNDLE_IDENTIFIER = valerasworld.SwiftfulCrypto;
				PRODUCT_NAME = "$(TARGET_NAME)";
				SWIFT_EMIT_LOC_STRINGS = YES;
				SWIFT_VERSION = 5.0;
				TARGETED_DEVICE_FAMILY = "1,2";
			};
			name = Release;
		};
/* End XCBuildConfiguration section */

/* Begin XCConfigurationList section */
		9FA4A7F32B096F4300757F4C /* Build configuration list for PBXProject "CryptoTracker" */ = {
			isa = XCConfigurationList;
			buildConfigurations = (
				9FA4A8042B096F4900757F4C /* Debug */,
				9FA4A8052B096F4900757F4C /* Release */,
			);
			defaultConfigurationIsVisible = 0;
			defaultConfigurationName = Release;
		};
		9FA4A8062B096F4900757F4C /* Build configuration list for PBXNativeTarget "CryptoTracker" */ = {
			isa = XCConfigurationList;
			buildConfigurations = (
				9FA4A8072B096F4900757F4C /* Debug */,
				9FA4A8082B096F4900757F4C /* Release */,
			);
			defaultConfigurationIsVisible = 0;
			defaultConfigurationName = Release;
		};
/* End XCConfigurationList section */

/* Begin XCVersionGroup section */
		9F82410B2B194DCF004C165C /* PortfolioContainer.xcdatamodeld */ = {
			isa = XCVersionGroup;
			children = (
				9F82410C2B194DCF004C165C /* PortfolioContainer.xcdatamodel */,
			);
			currentVersion = 9F82410C2B194DCF004C165C /* PortfolioContainer.xcdatamodel */;
			path = PortfolioContainer.xcdatamodeld;
			sourceTree = "<group>";
			versionGroupType = wrapper.xcdatamodel;
		};
/* End XCVersionGroup section */
	};
	rootObject = 9FA4A7F02B096F4300757F4C /* Project object */;
}
